
Microsoft Visual Studio Solution File, Format Version 12.00
# Visual Studio 15
VisualStudioVersion = 15.0.28307.1169
MinimumVisualStudioVersion = 10.0.40219.1
Project("{FAE04EC0-301F-11D3-BF4B-00C04F79EFBC}") = "Conditerskaya_resh_dem", "Conditerskaya_resh_dem\Conditerskaya_resh_dem.csproj", "{1B47A63A-DC22-4FF1-8253-269229763068}"
EndProject
Global
	GlobalSection(SolutionConfigurationPlatforms) = preSolution
		Debug|Any CPU = Debug|Any CPU
		Release|Any CPU = Release|Any CPU
	EndGlobalSection
	GlobalSection(ProjectConfigurationPlatforms) = postSolution
		{1B47A63A-DC22-4FF1-8253-269229763068}.Debug|Any CPU.ActiveCfg = Debug|Any CPU
		{1B47A63A-DC22-4FF1-8253-269229763068}.Debug|Any CPU.Build.0 = Debug|Any CPU
		{1B47A63A-DC22-4FF1-8253-269229763068}.Release|Any CPU.ActiveCfg = Release|Any CPU
		{1B47A63A-DC22-4FF1-8253-269229763068}.Release|Any CPU.Build.0 = Release|Any CPU
	EndGlobalSection
	GlobalSection(SolutionProperties) = preSolution
		HideSolutionNode = FALSE
	EndGlobalSection
	GlobalSection(ExtensibilityGlobals) = postSolution
		SolutionGuid = {7F82DAD9-67F6-4264-A358-7F91BF5D1EC0}
	EndGlobalSection
EndGlobal
